{"version":4,"terraform_version":"1.9.0","serial":6,"lineage":"a4ee7b41-ca85-a77e-2acb-1af03f0417ef","outputs":{},"resources":[{"mode":"managed","type":"azurerm_resource_group","name":"example","provider":"provider[\"registry.opentofu.org/hashicorp/azurerm\"]","instances":[{"schema_version":0,"attributes":{"id":"/subscriptions/effa7872-28e0-4ec6-9e9d-3235d3e6b4eb/resourceGroups/example-resources","location":"eastus","managed_by":"","name":"example-resources","tags":{},"timeouts":null},"sensitive_attributes":[],"private":"eyJlMmJmYjczMC1lY2FhLTExZTYtOGY4OC0zNDM2M2JjN2M0YzAiOnsiY3JlYXRlIjo1NDAwMDAwMDAwMDAwLCJkZWxldGUiOjU0MDAwMDAwMDAwMDAsInJlYWQiOjMwMDAwMDAwMDAwMCwidXBkYXRlIjo1NDAwMDAwMDAwMDAwfX0="}]}],"check_results":null}
